
Microsoft Visual Studio Solution File, Format Version 12.00
# Visual Studio 15
VisualStudioVersion = 15.0.28307.705
MinimumVisualStudioVersion = 10.0.40219.1
Project("{FAE04EC0-301F-11D3-BF4B-00C04F79EFBC}") = "ConfigurationDemo", "ConfigurationDemo\ConfigurationDemo.csproj", "{F45DAB0E-EB42-45AA-81E5-0A5222A03205}"
EndProject
Global
	GlobalSection(SolutionConfigurationPlatforms) = preSolution
		Debug|Any CPU = Debug|Any CPU
		Release|Any CPU = Release|Any CPU
		UnitTests|Any CPU = UnitTests|Any CPU
	EndGlobalSection
	GlobalSection(ProjectConfigurationPlatforms) = postSolution
		{F45DAB0E-EB42-45AA-81E5-0A5222A03205}.Debug|Any CPU.ActiveCfg = Debug|Any CPU
		{F45DAB0E-EB42-45AA-81E5-0A5222A03205}.Debug|Any CPU.Build.0 = Debug|Any CPU
		{F45DAB0E-EB42-45AA-81E5-0A5222A03205}.Release|Any CPU.ActiveCfg = Release|Any CPU
		{F45DAB0E-EB42-45AA-81E5-0A5222A03205}.Release|Any CPU.Build.0 = Release|Any CPU
		{F45DAB0E-EB42-45AA-81E5-0A5222A03205}.UnitTests|Any CPU.ActiveCfg = UnitTests|Any CPU
		{F45DAB0E-EB42-45AA-81E5-0A5222A03205}.UnitTests|Any CPU.Build.0 = UnitTests|Any CPU
	EndGlobalSection
	GlobalSection(SolutionProperties) = preSolution
		HideSolutionNode = FALSE
	EndGlobalSection
	GlobalSection(ExtensibilityGlobals) = postSolution
		SolutionGuid = {DED35364-8929-4DCF-983C-BC3F3B3334F0}
	EndGlobalSection
EndGlobal
